{
    "hash": "520ae8d9d0a5aebf842ef597bfdf3fbe",
    "packages": [
        {
            "name": "friendsofsymfony/rest",
            "version": "dev-master",
            "target-dir": "FOS/Rest",
            "source": {
                "type": "git",
                "url": "https://github.com/FriendsOfSymfony/FOSRest",
                "reference": "b48857315c39715245303fb5bbc1bab98026209e"
            },
            "dist": {
                "type": "zip",
                "url": "https://github.com/FriendsOfSymfony/FOSRest/zipball/b48857315c39715245303fb5bbc1bab98026209e",
                "reference": "b48857315c39715245303fb5bbc1bab98026209e",
                "shasum": ""
            },
            "require": {
                "php": ">=5.3.2",
                "symfony/http-foundation": ">=2.0,<2.3-dev"
            },
            "type": "library",
            "extra": {
                "branch-alias": {
                    "dev-master": "0.8.x-dev"
                }
            },
            "installation-source": "source",
            "autoload": {
                "psr-0": {
                    "FOS\\Rest": ""
                }
            },
            "license": [
                "MIT"
            ],
            "authors": [
                {
                    "name": "Lukas Kahwe Smith",
                    "email": "smith@pooteeweet.org"
                },
                {
                    "name": "FriendsOfSymfony Community",
                    "homepage": "https://github.com/FriendsOfSymfony/FOSRest/contributors"
                }
            ],
            "description": "This library provides various tools to develop RESTful API's",
            "homepage": "http://friendsofsymfony.github.com",
            "keywords": [
                "rest"
            ],
            "time": "1347135166"
        },
        {
            "name": "monolog/monolog",
            "version": "1.1.0",
            "source": {
                "type": "git",
                "url": "https://github.com/Seldaek/monolog",
                "reference": "1.1.0"
            },
            "dist": {
                "type": "zip",
                "url": "https://github.com/Seldaek/monolog/zipball/1.1.0",
                "reference": "1.1.0",
                "shasum": ""
            },
            "require": {
                "php": ">=5.3.0"
            },
            "require-dev": {
                "mlehner/gelf-php": "1.0.*"
            },
            "suggest": {
                "mlehner/gelf-php": "Allow sending log messages to a GrayLog2 server"
            },
            "time": "2012-04-24 12:27:40",
            "type": "library",
            "installation-source": "dist",
            "autoload": {
                "psr-0": {
                    "Monolog": "src/"
                }
            },
            "license": [
                "MIT"
            ],
            "authors": [
                {
                    "name": "Jordi Boggiano",
                    "email": "j.boggiano@seld.be",
                    "homepage": "http://seld.be",
                    "role": "Developer"
                }
            ],
            "description": "Logging for PHP 5.3",
            "homepage": "http://github.com/Seldaek/monolog",
            "keywords": [
                "log",
                "logging"
            ]
        },
        {
            "name": "njh/easyrdf",
            "version": "dev-master",
            "source": {
                "type": "git",
                "url": "git://github.com/njh/easyrdf.git",
                "reference": "d9495923e1d4dc54f98d500c6cee2708cea97ad9"
            },
            "dist": {
                "type": "zip",
                "url": "https://github.com/njh/easyrdf/zipball/d9495923e1d4dc54f98d500c6cee2708cea97ad9",
                "reference": "d9495923e1d4dc54f98d500c6cee2708cea97ad9",
                "shasum": ""
            },
            "require": {
                "php": ">=5.2.8"
            },
            "time": "1348259968",
            "type": "library",
            "installation-source": "source",
            "autoload": {
                "psr-0": {
                    "EasyRdf": "lib/"
                }
            },
            "license": [
                "BSD-3-Clause"
            ],
            "authors": [
                {
                    "name": "Nicholas Humfrey",
                    "email": "njh@aelius.com",
                    "homepage": "http://www.aelius.com/njh/",
                    "role": "Developer"
                }
            ],
            "description": "EasyRdf is a PHP library designed to make it easy to consume and produce RDF.",
            "homepage": "http://www.aelius.com/njh/easyrdf/",
            "keywords": [
                "RDF",
                "Semantic Web",
                "Turtle"
            ]
        },
        {
            "name": "pimple/pimple",
            "version": "dev-master",
            "source": {
                "type": "git",
                "url": "git://github.com/fabpot/Pimple.git",
                "reference": "b9f27b8dc18c08f00627dec02359b46a24791dc3"
            },
            "dist": {
                "type": "zip",
                "url": "https://github.com/fabpot/Pimple/zipball/b9f27b8dc18c08f00627dec02359b46a24791dc3",
                "reference": "b9f27b8dc18c08f00627dec02359b46a24791dc3",
                "shasum": ""
            },
            "require": {
                "php": ">=5.3.0"
            },
            "type": "library",
            "extra": {
                "branch-alias": {
                    "dev-master": "1.0.x-dev"
                }
            },
            "installation-source": "source",
            "autoload": {
                "psr-0": {
                    "Pimple": "lib/"
                }
            },
            "license": [
                "MIT"
            ],
            "authors": [
                {
                    "name": "Fabien Potencier",
                    "email": "fabien@symfony.com"
                }
            ],
            "description": "Pimple is a simple Dependency Injection Container for PHP 5.3",
            "homepage": "http://pimple.sensiolabs.org",
            "keywords": [
                "dependency injection",
                "container"
            ],
            "time": "1347278988"
        },
        {
            "name": "silex/silex",
            "version": "dev-master",
            "source": {
                "type": "git",
                "url": "git://github.com/fabpot/Silex.git",
                "reference": "9b63007bbdf6a5f68ab402c76fbaf9df56c67342"
            },
            "dist": {
                "type": "zip",
                "url": "https://github.com/fabpot/Silex/zipball/9b63007bbdf6a5f68ab402c76fbaf9df56c67342",
                "reference": "9b63007bbdf6a5f68ab402c76fbaf9df56c67342",
                "shasum": ""
            },
            "require": {
                "symfony/event-dispatcher": "2.1.*",
                "symfony/http-foundation": "2.1.*",
                "symfony/http-kernel": "2.1.*",
                "symfony/routing": "2.1.*",
                "php": ">=5.3.3",
                "pimple/pimple": "1.*"
            },
            "require-dev": {
                "symfony/form": "2.1.*",
                "symfony/translation": "2.1.*",
                "symfony/twig-bridge": "2.1.*",
                "symfony/validator": "2.1.*",
                "symfony/monolog-bridge": "2.1.*",
                "symfony/browser-kit": "2.1.*",
                "symfony/css-selector": "2.1.*",
                "symfony/finder": "2.1.*",
                "symfony/process": "2.1.*",
                "symfony/security": "2.1.*",
                "monolog/monolog": ">=1.0.0,<1.2-dev",
                "symfony/config": "2.1.*",
                "symfony/locale": "2.1.*",
                "twig/twig": ">=1.8.0,<2.0-dev",
                "swiftmailer/swiftmailer": "4.2.*",
                "doctrine/dbal": ">=2.2.0,<2.4.0-dev"
            },
            "suggest": {
                "symfony/browser-kit": "2.1.*",
                "symfony/css-selector": "2.1.*",
                "symfony/dom-crawler": "2.1.*"
            },
            "time": "1348229548",
            "type": "library",
            "extra": {
                "branch-alias": {
                    "dev-master": "1.0-dev"
                }
            },
            "installation-source": "source",
            "autoload": {
                "psr-0": {
                    "Silex": "src/"
                }
            },
            "license": [
                "MIT"
            ],
            "authors": [
                {
                    "name": "Fabien Potencier",
                    "email": "fabien@symfony.com"
                },
                {
                    "name": "Igor Wiedler",
                    "email": "igor@wiedler.ch",
                    "homepage": "http://wiedler.ch/igor/"
                }
            ],
            "description": "The PHP micro-framework based on the Symfony2 Components",
            "homepage": "http://silex.sensiolabs.org",
            "keywords": [
                "microframework"
            ]
        },
        {
            "name": "solarium/solarium",
            "version": "2.4.0",
            "source": {
                "type": "git",
                "url": "https://github.com/basdenooijer/solarium",
                "reference": "2.4.0"
            },
            "dist": {
                "type": "zip",
                "url": "https://github.com/basdenooijer/solarium/zipball/2.4.0",
                "reference": "2.4.0",
                "shasum": ""
            },
            "require": {
                "php": ">=5.2.0"
            },
            "time": "2012-04-16 11:31:52",
            "type": "library",
            "installation-source": "dist",
            "autoload": {
                "psr-0": {
                    "Solarium": "library/"
                }
            },
            "license": [
                "NewBSD"
            ],
            "authors": [
                {
                    "name": "See GitHub contributors",
                    "homepage": "https://github.com/basdenooijer/solarium/contributors"
                }
            ],
            "description": "PHP Solr client",
            "homepage": "http://www.solarium-project.org",
            "keywords": [
                "php",
                "solr",
                "search"
            ]
        },
        {
            "name": "symfony/class-loader",
            "version": "2.1.x-dev",
            "target-dir": "Symfony/Component/ClassLoader",
            "source": {
                "type": "git",
                "url": "https://github.com/symfony/ClassLoader",
                "reference": "v2.1.2"
            },
            "dist": {
                "type": "zip",
                "url": "https://github.com/symfony/ClassLoader/zipball/v2.1.2",
                "reference": "v2.1.2",
                "shasum": ""
            },
            "require": {
                "php": ">=5.3.3"
            },
            "require-dev": {
                "symfony/finder": "2.1.*"
            },
            "time": "1346482956",
            "type": "library",
            "extra": {
                "branch-alias": {
                    "dev-master": "2.1-dev"
                }
            },
            "installation-source": "source",
            "autoload": {
                "psr-0": {
                    "Symfony\\Component\\ClassLoader": ""
                }
            },
            "license": [
                "MIT"
            ],
            "authors": [
                {
                    "name": "Fabien Potencier",
                    "email": "fabien@symfony.com"
                },
                {
                    "name": "Symfony Community",
                    "homepage": "http://symfony.com/contributors"
                }
            ],
            "description": "Symfony ClassLoader Component",
            "homepage": "http://symfony.com"
        },
        {
            "name": "symfony/console",
            "version": "2.1.x-dev",
            "target-dir": "Symfony/Component/Console",
            "source": {
                "type": "git",
                "url": "https://github.com/symfony/Console",
                "reference": "57d03f87db82eee2d63c2a6a7f767c2e376f6d35"
            },
            "dist": {
                "type": "zip",
                "url": "https://github.com/symfony/Console/zipball/57d03f87db82eee2d63c2a6a7f767c2e376f6d35",
                "reference": "57d03f87db82eee2d63c2a6a7f767c2e376f6d35",
                "shasum": ""
            },
            "require": {
                "php": ">=5.3.3"
            },
            "time": "1348488710",
            "type": "library",
            "extra": {
                "branch-alias": {
                    "dev-master": "2.1-dev"
                }
            },
            "installation-source": "source",
            "autoload": {
                "psr-0": {
                    "Symfony\\Component\\Console": ""
                }
            },
            "license": [
                "MIT"
            ],
            "authors": [
                {
                    "name": "Fabien Potencier",
                    "email": "fabien@symfony.com"
                },
                {
                    "name": "Symfony Community",
                    "homepage": "http://symfony.com/contributors"
                }
            ],
            "description": "Symfony Console Component",
            "homepage": "http://symfony.com"
        },
        {
            "name": "symfony/event-dispatcher",
            "version": "2.1.x-dev",
            "target-dir": "Symfony/Component/EventDispatcher",
            "source": {
                "type": "git",
                "url": "https://github.com/symfony/EventDispatcher",
                "reference": "v2.1.2"
            },
            "dist": {
                "type": "zip",
                "url": "https://github.com/symfony/EventDispatcher/zipball/v2.1.2",
                "reference": "v2.1.2",
                "shasum": ""
            },
            "require": {
                "php": ">=5.3.3"
            },
            "require-dev": {
                "symfony/dependency-injection": "2.1.*"
            },
            "suggest": {
                "symfony/dependency-injection": "2.1.*",
                "symfony/http-kernel": "2.1.*"
            },
            "time": "1347274422",
            "type": "library",
            "extra": {
                "branch-alias": {
                    "dev-master": "2.1-dev"
                }
            },
            "installation-source": "source",
            "autoload": {
                "psr-0": {
                    "Symfony\\Component\\EventDispatcher": ""
                }
            },
            "license": [
                "MIT"
            ],
            "authors": [
                {
                    "name": "Fabien Potencier",
                    "email": "fabien@symfony.com"
                },
                {
                    "name": "Symfony Community",
                    "homepage": "http://symfony.com/contributors"
                }
            ],
            "description": "Symfony EventDispatcher Component",
            "homepage": "http://symfony.com"
        },
        {
            "name": "symfony/finder",
            "version": "2.1.x-dev",
            "target-dir": "Symfony/Component/Finder",
            "source": {
                "type": "git",
                "url": "https://github.com/symfony/Finder",
                "reference": "v2.1.0-RC2"
            },
            "dist": {
                "type": "zip",
                "url": "https://github.com/symfony/Finder/zipball/v2.1.0-RC2",
                "reference": "v2.1.0-RC2",
                "shasum": ""
            },
            "require": {
                "php": ">=5.3.3"
            },
            "type": "library",
            "extra": {
                "branch-alias": {
                    "dev-master": "2.1-dev"
                }
            },
            "installation-source": "source",
            "autoload": {
                "psr-0": {
                    "Symfony\\Component\\Finder": ""
                }
            },
            "license": [
                "MIT"
            ],
            "authors": [
                {
                    "name": "Fabien Potencier",
                    "email": "fabien@symfony.com"
                },
                {
                    "name": "Symfony Community",
                    "homepage": "http://symfony.com/contributors"
                }
            ],
            "description": "Symfony Finder Component",
            "homepage": "http://symfony.com",
            "time": "1345643321"
        },
        {
            "name": "symfony/http-foundation",
            "version": "2.1.x-dev",
            "target-dir": "Symfony/Component/HttpFoundation",
            "source": {
                "type": "git",
                "url": "https://github.com/symfony/HttpFoundation",
                "reference": "386a332456060076778ba8e6b84bed0480eaa69c"
            },
            "dist": {
                "type": "zip",
                "url": "https://github.com/symfony/HttpFoundation/zipball/386a332456060076778ba8e6b84bed0480eaa69c",
                "reference": "386a332456060076778ba8e6b84bed0480eaa69c",
                "shasum": ""
            },
            "require": {
                "php": ">=5.3.3"
            },
            "time": "1348208027",
            "type": "library",
            "extra": {
                "branch-alias": {
                    "dev-master": "2.1-dev"
                }
            },
            "installation-source": "source",
            "autoload": {
                "psr-0": {
                    "Symfony\\Component\\HttpFoundation": "",
                    "SessionHandlerInterface": "Symfony/Component/HttpFoundation/Resources/stubs"
                }
            },
            "license": [
                "MIT"
            ],
            "authors": [
                {
                    "name": "Fabien Potencier",
                    "email": "fabien@symfony.com"
                },
                {
                    "name": "Symfony Community",
                    "homepage": "http://symfony.com/contributors"
                }
            ],
            "description": "Symfony HttpFoundation Component",
            "homepage": "http://symfony.com"
        },
        {
            "name": "symfony/http-kernel",
            "version": "2.1.x-dev",
            "target-dir": "Symfony/Component/HttpKernel",
            "source": {
                "type": "git",
                "url": "https://github.com/symfony/HttpKernel",
                "reference": "10f8418126cba9f7e510eb57e53810d41f9f2add"
            },
            "dist": {
                "type": "zip",
                "url": "https://github.com/symfony/HttpKernel/zipball/10f8418126cba9f7e510eb57e53810d41f9f2add",
                "reference": "10f8418126cba9f7e510eb57e53810d41f9f2add",
                "shasum": ""
            },
            "require": {
                "php": ">=5.3.3",
                "symfony/event-dispatcher": "2.1.*",
                "symfony/http-foundation": "2.1.*"
            },
            "require-dev": {
                "symfony/browser-kit": "2.1.*",
                "symfony/class-loader": "2.1.*",
                "symfony/config": "2.1.*",
                "symfony/console": "2.1.*",
                "symfony/dependency-injection": "2.1.*",
                "symfony/finder": "2.1.*",
                "symfony/process": "2.1.*",
                "symfony/routing": "2.1.*"
            },
            "suggest": {
                "symfony/browser-kit": "2.1.*",
                "symfony/class-loader": "2.1.*",
                "symfony/config": "2.1.*",
                "symfony/console": "2.1.*",
                "symfony/dependency-injection": "2.1.*",
                "symfony/finder": "2.1.*"
            },
            "time": "1348209286",
            "type": "library",
            "extra": {
                "branch-alias": {
                    "dev-master": "2.1-dev"
                }
            },
            "installation-source": "source",
            "autoload": {
                "psr-0": {
                    "Symfony\\Component\\HttpKernel": ""
                }
            },
            "license": [
                "MIT"
            ],
            "authors": [
                {
                    "name": "Fabien Potencier",
                    "email": "fabien@symfony.com"
                },
                {
                    "name": "Symfony Community",
                    "homepage": "http://symfony.com/contributors"
                }
            ],
            "description": "Symfony HttpKernel Component",
            "homepage": "http://symfony.com"
        },
        {
            "name": "symfony/locale",
            "version": "2.1.x-dev",
            "target-dir": "Symfony/Component/Locale",
            "source": {
                "type": "git",
                "url": "https://github.com/symfony/Locale",
                "reference": "v2.1.2"
            },
            "dist": {
                "type": "zip",
                "url": "https://github.com/symfony/Locale/zipball/v2.1.2",
                "reference": "v2.1.2",
                "shasum": ""
            },
            "require": {
                "php": ">=5.3.3"
            },
            "suggest": {
                "ext-intl": ">=5.3.3"
            },
            "time": "1345643321",
            "type": "library",
            "extra": {
                "branch-alias": {
                    "dev-master": "2.1-dev"
                }
            },
            "installation-source": "source",
            "autoload": {
                "psr-0": {
                    "Symfony\\Component\\Locale": ""
                }
            },
            "license": [
                "MIT"
            ],
            "authors": [
                {
                    "name": "Fabien Potencier",
                    "email": "fabien@symfony.com"
                },
                {
                    "name": "Symfony Community",
                    "homepage": "http://symfony.com/contributors"
                }
            ],
            "description": "Symfony Locale Component",
            "homepage": "http://symfony.com"
        },
        {
            "name": "symfony/monolog-bridge",
            "version": "2.1.x-dev",
            "target-dir": "Symfony/Bridge/Monolog",
            "source": {
                "type": "git",
                "url": "https://github.com/symfony/MonologBridge",
                "reference": "v2.1.2"
            },
            "dist": {
                "type": "zip",
                "url": "https://github.com/symfony/MonologBridge/zipball/v2.1.2",
                "reference": "v2.1.2",
                "shasum": ""
            },
            "require": {
                "php": ">=5.3.3",
                "monolog/monolog": "1.*",
                "symfony/http-kernel": "2.1.*"
            },
            "time": "1347274422",
            "type": "symfony-bridge",
            "extra": {
                "branch-alias": {
                    "dev-master": "2.1-dev"
                }
            },
            "installation-source": "source",
            "autoload": {
                "psr-0": {
                    "Symfony\\Bridge\\Monolog": ""
                }
            },
            "license": [
                "MIT"
            ],
            "authors": [
                {
                    "name": "Fabien Potencier",
                    "email": "fabien@symfony.com"
                },
                {
                    "name": "Symfony Community",
                    "homepage": "http://symfony.com/contributors"
                }
            ],
            "description": "Symfony Monolog Bridge",
            "homepage": "http://symfony.com"
        },
        {
            "name": "symfony/routing",
            "version": "2.1.x-dev",
            "target-dir": "Symfony/Component/Routing",
            "source": {
                "type": "git",
                "url": "https://github.com/symfony/Routing",
                "reference": "v2.1.2"
            },
            "dist": {
                "type": "zip",
                "url": "https://github.com/symfony/Routing/zipball/v2.1.2",
                "reference": "v2.1.2",
                "shasum": ""
            },
            "require": {
                "php": ">=5.3.3"
            },
            "require-dev": {
                "symfony/config": "2.1.*",
                "symfony/yaml": "2.1.*",
                "symfony/http-kernel": "2.1.*",
                "doctrine/common": ">=2.2,<2.4-dev"
            },
            "suggest": {
                "doctrine/common": ">=2.2,<2.4-dev",
                "symfony/config": "2.1.*",
                "symfony/yaml": "2.1.*"
            },
            "time": "1347274422",
            "type": "library",
            "extra": {
                "branch-alias": {
                    "dev-master": "2.1-dev"
                }
            },
            "installation-source": "source",
            "autoload": {
                "psr-0": {
                    "Symfony\\Component\\Routing": ""
                }
            },
            "license": [
                "MIT"
            ],
            "authors": [
                {
                    "name": "Fabien Potencier",
                    "email": "fabien@symfony.com"
                },
                {
                    "name": "Symfony Community",
                    "homepage": "http://symfony.com/contributors"
                }
            ],
            "description": "Symfony Routing Component",
            "homepage": "http://symfony.com"
        },
        {
            "name": "symfony/security",
            "version": "2.1.x-dev",
            "target-dir": "Symfony/Component/Security",
            "source": {
                "type": "git",
                "url": "https://github.com/symfony/Security",
                "reference": "v2.1.2"
            },
            "dist": {
                "type": "zip",
                "url": "https://github.com/symfony/Security/zipball/v2.1.2",
                "reference": "v2.1.2",
                "shasum": ""
            },
            "require": {
                "php": ">=5.3.3",
                "symfony/event-dispatcher": "2.1.*",
                "symfony/http-foundation": "2.1.*",
                "symfony/http-kernel": "2.1.*"
            },
            "require-dev": {
                "symfony/form": "2.1.*",
                "symfony/routing": "2.1.*",
                "symfony/validator": "2.1.*",
                "doctrine/common": ">=2.2,<2.4-dev",
                "doctrine/dbal": ">=2.2,<2.4-dev"
            },
            "suggest": {
                "doctrine/dbal": "to use the built-in ACL implementation",
                "symfony/class-loader": "2.1.*",
                "symfony/finder": "2.1.*",
                "symfony/form": "2.1.*",
                "symfony/validator": "2.1.*",
                "symfony/routing": "2.1.*"
            },
            "time": "1347274422",
            "type": "library",
            "extra": {
                "branch-alias": {
                    "dev-master": "2.1-dev"
                }
            },
            "installation-source": "source",
            "autoload": {
                "psr-0": {
                    "Symfony\\Component\\Security": ""
                }
            },
            "license": [
                "MIT"
            ],
            "authors": [
                {
                    "name": "Fabien Potencier",
                    "email": "fabien@symfony.com"
                },
                {
                    "name": "Symfony Community",
                    "homepage": "http://symfony.com/contributors"
                }
            ],
            "description": "Symfony Security Component",
            "homepage": "http://symfony.com"
        },
        {
            "name": "symfony/serializer",
            "version": "2.1.x-dev",
            "target-dir": "Symfony/Component/Serializer",
            "source": {
                "type": "git",
                "url": "https://github.com/symfony/Serializer",
                "reference": "v2.1.0-RC2"
            },
            "dist": {
                "type": "zip",
                "url": "https://github.com/symfony/Serializer/zipball/v2.1.0-RC2",
                "reference": "v2.1.0-RC2",
                "shasum": ""
            },
            "require": {
                "php": ">=5.3.3"
            },
            "time": "1346140482",
            "type": "library",
            "extra": {
                "branch-alias": {
                    "dev-master": "2.1-dev"
                }
            },
            "installation-source": "source",
            "autoload": {
                "psr-0": {
                    "Symfony\\Component\\Serializer": ""
                }
            },
            "license": [
                "MIT"
            ],
            "authors": [
                {
                    "name": "Fabien Potencier",
                    "email": "fabien@symfony.com"
                },
                {
                    "name": "Symfony Community",
                    "homepage": "http://symfony.com/contributors"
                }
            ],
            "description": "Symfony Serializer Component",
            "homepage": "http://symfony.com"
        },
        {
            "name": "symfony/translation",
            "version": "2.1.x-dev",
            "target-dir": "Symfony/Component/Translation",
            "source": {
                "type": "git",
                "url": "https://github.com/symfony/Translation",
                "reference": "v2.1.2"
            },
            "dist": {
                "type": "zip",
                "url": "https://github.com/symfony/Translation/zipball/v2.1.2",
                "reference": "v2.1.2",
                "shasum": ""
            },
            "require": {
                "php": ">=5.3.3"
            },
            "require-dev": {
                "symfony/config": "2.1.*",
                "symfony/yaml": "2.1.*"
            },
            "suggest": {
                "symfony/config": "2.1.*",
                "symfony/yaml": "2.1.*"
            },
            "time": "1347274422",
            "type": "library",
            "extra": {
                "branch-alias": {
                    "dev-master": "2.1-dev"
                }
            },
            "installation-source": "source",
            "autoload": {
                "psr-0": {
                    "Symfony\\Component\\Translation": ""
                }
            },
            "license": [
                "MIT"
            ],
            "authors": [
                {
                    "name": "Fabien Potencier",
                    "email": "fabien@symfony.com"
                },
                {
                    "name": "Symfony Community",
                    "homepage": "http://symfony.com/contributors"
                }
            ],
            "description": "Symfony Translation Component",
            "homepage": "http://symfony.com"
        },
        {
            "name": "symfony/validator",
            "version": "2.1.x-dev",
            "target-dir": "Symfony/Component/Validator",
            "source": {
                "type": "git",
                "url": "https://github.com/symfony/Validator",
                "reference": "v2.1.2"
            },
            "dist": {
                "type": "zip",
                "url": "https://github.com/symfony/Validator/zipball/v2.1.2",
                "reference": "v2.1.2",
                "shasum": ""
            },
            "require": {
                "php": ">=5.3.3"
            },
            "require-dev": {
                "symfony/http-foundation": "2.1.*",
                "symfony/locale": "2.1.*",
                "symfony/yaml": "2.1.*"
            },
            "suggest": {
                "doctrine/common": ">=2.1,<2.4-dev",
                "symfony/http-foundation": "2.1.*",
                "symfony/yaml": "2.1.*"
            },
            "time": "1347903959",
            "type": "library",
            "extra": {
                "branch-alias": {
                    "dev-master": "2.1-dev"
                }
            },
            "installation-source": "source",
            "autoload": {
                "psr-0": {
                    "Symfony\\Component\\Validator": ""
                }
            },
            "license": [
                "MIT"
            ],
            "authors": [
                {
                    "name": "Fabien Potencier",
                    "email": "fabien@symfony.com"
                },
                {
                    "name": "Symfony Community",
                    "homepage": "http://symfony.com/contributors"
                }
            ],
            "description": "Symfony Validator Component",
            "homepage": "http://symfony.com"
        }
    ],
    "packages-dev": null,
    "aliases": [

    ],
    "minimum-stability": "dev",
    "stability-flags": {
        "friendsofsymfony/rest": 20,
        "njh/easyrdf": 20
    }
}
